
Microsoft Visual Studio Solution File, Format Version 12.00
# Visual Studio Version 17
VisualStudioVersion = 17.4.33205.214
MinimumVisualStudioVersion = 10.0.40219.1
Project("{FAE04EC0-301F-11D3-BF4B-00C04F79EFBC}") = "EncryptionDecryptionConsole", "EncryptionDecryptionConsole\EncryptionDecryptionConsole.csproj", "{029DE34C-3430-466D-98CC-2F9FDBAF754F}"
EndProject
Global
	GlobalSection(SolutionConfigurationPlatforms) = preSolution
		Debug|Any CPU = Debug|Any CPU
		Release|Any CPU = Release|Any CPU
	EndGlobalSection
	GlobalSection(ProjectConfigurationPlatforms) = postSolution
		{029DE34C-3430-466D-98CC-2F9FDBAF754F}.Debug|Any CPU.ActiveCfg = Debug|Any CPU
		{029DE34C-3430-466D-98CC-2F9FDBAF754F}.Debug|Any CPU.Build.0 = Debug|Any CPU
		{029DE34C-3430-466D-98CC-2F9FDBAF754F}.Release|Any CPU.ActiveCfg = Release|Any CPU
		{029DE34C-3430-466D-98CC-2F9FDBAF754F}.Release|Any CPU.Build.0 = Release|Any CPU
	EndGlobalSection
	GlobalSection(SolutionProperties) = preSolution
		HideSolutionNode = FALSE
	EndGlobalSection
	GlobalSection(ExtensibilityGlobals) = postSolution
		SolutionGuid = {1A843069-D25E-4CB6-AE9B-5F74A780816C}
	EndGlobalSection
EndGlobal
